
Microsoft Visual Studio Solution File, Format Version 12.00
# Visual Studio Version 17
VisualStudioVersion = 17.14.36414.22 d17.14
MinimumVisualStudioVersion = 10.0.40219.1
Project("{FAE04EC0-301F-11D3-BF4B-00C04F79EFBC}") = "Wordle", "Wordle.csproj", "{67FD56DD-2543-44EF-A8DD-EEC09290F56E}"
EndProject
Global
	GlobalSection(SolutionConfigurationPlatforms) = preSolution
		Debug|Any CPU = Debug|Any CPU
		Release|Any CPU = Release|Any CPU
	EndGlobalSection
	GlobalSection(ProjectConfigurationPlatforms) = postSolution
		{67FD56DD-2543-44EF-A8DD-EEC09290F56E}.Debug|Any CPU.ActiveCfg = Debug|Any CPU
		{67FD56DD-2543-44EF-A8DD-EEC09290F56E}.Debug|Any CPU.Build.0 = Debug|Any CPU
		{67FD56DD-2543-44EF-A8DD-EEC09290F56E}.Release|Any CPU.ActiveCfg = Release|Any CPU
		{67FD56DD-2543-44EF-A8DD-EEC09290F56E}.Release|Any CPU.Build.0 = Release|Any CPU
	EndGlobalSection
	GlobalSection(SolutionProperties) = preSolution
		HideSolutionNode = FALSE
	EndGlobalSection
	GlobalSection(ExtensibilityGlobals) = postSolution
		SolutionGuid = {F4330FE0-48EF-4D03-B706-C51C4D0F7DBA}
	EndGlobalSection
EndGlobal
